// !$*UTF8*$!
{
	archiveVersion = 1;
	classes = {
	};
	objectVersion = 77;
	objects = {

/* Begin PBXBuildFile section */
		8126B11D3D830C5E36964C7D /* WoooshCoreFFI.framework in Frameworks */ = {isa = PBXBuildFile; fileRef = 081D1F9FAF40238650522892 /* WoooshCoreFFI.framework */; };
		969687D3C5F1350731159EEC /* WoooshShareExtension.appex in Embed Foundation Extensions */ = {isa = PBXBuildFile; fileRef = 692E606ACBD407A941A647D0 /* WoooshShareExtension.appex */; settings = {ATTRIBUTES = (RemoveHeadersOnCopy, ); }; };
		9C7C1764937CEB3C0A1C4476 /* WoooshCoreFFI.framework in Embed Frameworks */ = {isa = PBXBuildFile; fileRef = 081D1F9FAF40238650522892 /* WoooshCoreFFI.framework */; settings = {ATTRIBUTES = (CodeSignOnCopy, RemoveHeadersOnCopy, ); }; };
		E6EE9508CEB36C0D5C307E11 /* wooosh_core.swift in Sources */ = {isa = PBXBuildFile; fileRef = CA211C7A377E1D92E06FB5E6 /* wooosh_core.swift */; };
		F49D1B47A6ED1AD77A7B2971 /* WoooshCore.xcframework in Frameworks */ = {isa = PBXBuildFile; fileRef = 5EC2E626FF0A4DD73D9180B0 /* WoooshCore.xcframework */; };
/* End PBXBuildFile section */

/* Begin PBXContainerItemProxy section */
		6BB45ABC354C9AA881C58A59 /* PBXContainerItemProxy */ = {
			isa = PBXContainerItemProxy;
			containerPortal = 4883ED185C89B850D2182BD1 /* Project object */;
			proxyType = 1;
			remoteGlobalIDString = 388A26885D44B6ED9DDB56E7;
			remoteInfo = WoooshShareExtension;
		};
		C7098643E19CAA137FE33365 /* PBXContainerItemProxy */ = {
			isa = PBXContainerItemProxy;
			containerPortal = 4883ED185C89B850D2182BD1 /* Project object */;
			proxyType = 1;
			remoteGlobalIDString = B0DE3ABF8601D3743D3F600F;
			remoteInfo = WoooshCoreFFI;
		};
/* End PBXContainerItemProxy section */

/* Begin PBXCopyFilesBuildPhase section */
		07536F04B3AE4861AE40640C /* Embed Foundation Extensions */ = {
			isa = PBXCopyFilesBuildPhase;
			buildActionMask = 2147483647;
			dstPath = "";
			dstSubfolderSpec = 13;
			files = (
				969687D3C5F1350731159EEC /* WoooshShareExtension.appex in Embed Foundation Extensions */,
			);
			name = "Embed Foundation Extensions";
			runOnlyForDeploymentPostprocessing = 0;
		};
		B36E5BA0984EB83690E633F9 /* Embed Frameworks */ = {
			isa = PBXCopyFilesBuildPhase;
			buildActionMask = 2147483647;
			dstPath = "";
			dstSubfolderSpec = 10;
			files = (
				9C7C1764937CEB3C0A1C4476 /* WoooshCoreFFI.framework in Embed Frameworks */,
			);
			name = "Embed Frameworks";
			runOnlyForDeploymentPostprocessing = 0;
		};
/* End PBXCopyFilesBuildPhase section */

/* Begin PBXFileReference section */
		081D1F9FAF40238650522892 /* WoooshCoreFFI.framework */ = {isa = PBXFileReference; explicitFileType = wrapper.framework; includeInIndex = 0; path = WoooshCoreFFI.framework; sourceTree = BUILT_PRODUCTS_DIR; };
		5EC2E626FF0A4DD73D9180B0 /* WoooshCore.xcframework */ = {isa = PBXFileReference; lastKnownFileType = wrapper.xcframework; name = WoooshCore.xcframework; path = ../Core/dist/WoooshCore.xcframework; sourceTree = "<group>"; };
		692E606ACBD407A941A647D0 /* WoooshShareExtension.appex */ = {isa = PBXFileReference; explicitFileType = "wrapper.app-extension"; includeInIndex = 0; path = WoooshShareExtension.appex; sourceTree = BUILT_PRODUCTS_DIR; };
		8F4308E826FC2E6257C310A1 /* Wooosh.app */ = {isa = PBXFileReference; explicitFileType = wrapper.application; includeInIndex = 0; path = Wooosh.app; sourceTree = BUILT_PRODUCTS_DIR; };
		CA211C7A377E1D92E06FB5E6 /* wooosh_core.swift */ = {isa = PBXFileReference; lastKnownFileType = sourcecode.swift; name = wooosh_core.swift; path = ../Core/bindings/swift/wooosh_core.swift; sourceTree = "<group>"; };
/* End PBXFileReference section */

/* Begin PBXFileSystemSynchronizedBuildFileExceptionSet section */
		E438B56C3014423E00CCEC08 /* Exceptions for "ShareExtension" folder in "WoooshShareExtension" target */ = {
			isa = PBXFileSystemSynchronizedBuildFileExceptionSet;
			membershipExceptions = (
				Localizable.xcstrings,
				ShareViewController.swift,
			);
			target = 388A26885D44B6ED9DDB56E7 /* WoooshShareExtension */;
		};
		E438B56D3014423E00CCEC08 /* Exceptions for "Wooosh" folder in "Wooosh" target */ = {
			isa = PBXFileSystemSynchronizedBuildFileExceptionSet;
			membershipExceptions = (
				Info.plist,
			);
			target = 8FE70D42ECD1DC75DAEDBB39 /* Wooosh */;
		};
		E438B56E3014423E00CCEC08 /* Exceptions for "Wooosh" folder in "WoooshShareExtension" target */ = {
			isa = PBXFileSystemSynchronizedBuildFileExceptionSet;
			membershipExceptions = (
				Shared/AppGroup.swift,
			);
			target = 388A26885D44B6ED9DDB56E7 /* WoooshShareExtension */;
		};
/* End PBXFileSystemSynchronizedBuildFileExceptionSet section */

/* Begin PBXFileSystemSynchronizedRootGroup section */
		E438B5403014423C00CCEC08 /* Wooosh */ = {
			isa = PBXFileSystemSynchronizedRootGroup;
			exceptions = (
				E438B56D3014423E00CCEC08 /* Exceptions for "Wooosh" folder in "Wooosh" target */,
				E438B56E3014423E00CCEC08 /* Exceptions for "Wooosh" folder in "WoooshShareExtension" target */,
			);
			path = Wooosh;
			sourceTree = "<group>";
		};
		E438B5693014423E00CCEC08 /* ShareExtension */ = {
			isa = PBXFileSystemSynchronizedRootGroup;
			exceptions = (
				E438B56C3014423E00CCEC08 /* Exceptions for "ShareExtension" folder in "WoooshShareExtension" target */,
			);
			path = ShareExtension;
			sourceTree = "<group>";
		};
/* End PBXFileSystemSynchronizedRootGroup section */

/* Begin PBXFrameworksBuildPhase section */
		7299663CC101BFEE61115DAF /* Frameworks */ = {
			isa = PBXFrameworksBuildPhase;
			buildActionMask = 2147483647;
			files = (
				8126B11D3D830C5E36964C7D /* WoooshCoreFFI.framework in Frameworks */,
			);
			runOnlyForDeploymentPostprocessing = 0;
		};
		94CAB667ABFF3ADE672C9E8B /* Frameworks */ = {
			isa = PBXFrameworksBuildPhase;
			buildActionMask = 2147483647;
			files = (
				F49D1B47A6ED1AD77A7B2971 /* WoooshCore.xcframework in Frameworks */,
			);
			runOnlyForDeploymentPostprocessing = 0;
		};
/* End PBXFrameworksBuildPhase section */

/* Begin PBXGroup section */
		1ADA960B28F6577FCF9DECF3 /* WoooshCoreFFI */ = {
			isa = PBXGroup;
			children = (
				CA211C7A377E1D92E06FB5E6 /* wooosh_core.swift */,
			);
			name = WoooshCoreFFI;
			sourceTree = "<group>";
		};
		21D114EF564BB40491717D06 /* Frameworks */ = {
			isa = PBXGroup;
			children = (
				5EC2E626FF0A4DD73D9180B0 /* WoooshCore.xcframework */,
			);
			name = Frameworks;
			sourceTree = "<group>";
		};
		386BC18E278E65486C99C423 = {
			isa = PBXGroup;
			children = (
				E438B5693014423E00CCEC08 /* ShareExtension */,
				E438B5403014423C00CCEC08 /* Wooosh */,
				1ADA960B28F6577FCF9DECF3 /* WoooshCoreFFI */,
				21D114EF564BB40491717D06 /* Frameworks */,
				F006CAA4588ED7D3F84632F2 /* Products */,
			);
			sourceTree = "<group>";
		};
		F006CAA4588ED7D3F84632F2 /* Products */ = {
			isa = PBXGroup;
			children = (
				8F4308E826FC2E6257C310A1 /* Wooosh.app */,
				081D1F9FAF40238650522892 /* WoooshCoreFFI.framework */,
				692E606ACBD407A941A647D0 /* WoooshShareExtension.appex */,
			);
			name = Products;
			sourceTree = "<group>";
		};
/* End PBXGroup section */

/* Begin PBXNativeTarget section */
		388A26885D44B6ED9DDB56E7 /* WoooshShareExtension */ = {
			isa = PBXNativeTarget;
			buildConfigurationList = D314F8F76B3C8132FC68AB14 /* Build configuration list for PBXNativeTarget "WoooshShareExtension" */;
			buildPhases = (
				7684E5C3F4C52CF3A060ABC4 /* Sources */,
				8EEC9B1309153FECFBB730D4 /* Resources */,
			);
			buildRules = (
			);
			dependencies = (
			);
			name = WoooshShareExtension;
			packageProductDependencies = (
			);
			productName = WoooshShareExtension;
			productReference = 692E606ACBD407A941A647D0 /* WoooshShareExtension.appex */;
			productType = "com.apple.product-type.app-extension";
		};
		8FE70D42ECD1DC75DAEDBB39 /* Wooosh */ = {
			isa = PBXNativeTarget;
			buildConfigurationList = C2626E9499ED89C3D6C970E3 /* Build configuration list for PBXNativeTarget "Wooosh" */;
			buildPhases = (
				7B2E170D4C86FACC1924F61A /* Sources */,
				EEBE4E8D19232942A28F15E7 /* Resources */,
				7299663CC101BFEE61115DAF /* Frameworks */,
				07536F04B3AE4861AE40640C /* Embed Foundation Extensions */,
				B36E5BA0984EB83690E633F9 /* Embed Frameworks */,
			);
			buildRules = (
			);
			dependencies = (
				2D356C09DC9CDFA96F4F7C7A /* PBXTargetDependency */,
				CB855AE6CE104BCF5893768C /* PBXTargetDependency */,
			);
			fileSystemSynchronizedGroups = (
				E438B5403014423C00CCEC08 /* Wooosh */,
			);
			name = Wooosh;
			packageProductDependencies = (
			);
			productName = Wooosh;
			productReference = 8F4308E826FC2E6257C310A1 /* Wooosh.app */;
			productType = "com.apple.product-type.application";
		};
		B0DE3ABF8601D3743D3F600F /* WoooshCoreFFI */ = {
			isa = PBXNativeTarget;
			buildConfigurationList = B909080692D6739192FF5A78 /* Build configuration list for PBXNativeTarget "WoooshCoreFFI" */;
			buildPhases = (
				3331D3DA6F0217705A1FE102 /* Sources */,
				94CAB667ABFF3ADE672C9E8B /* Frameworks */,
			);
			buildRules = (
			);
			dependencies = (
			);
			name = WoooshCoreFFI;
			packageProductDependencies = (
			);
			productName = WoooshCoreFFI;
			productReference = 081D1F9FAF40238650522892 /* WoooshCoreFFI.framework */;
			productType = "com.apple.product-type.framework";
		};
/* End PBXNativeTarget section */

/* Begin PBXProject section */
		4883ED185C89B850D2182BD1 /* Project object */ = {
			isa = PBXProject;
			attributes = {
				BuildIndependentTargetsInParallel = YES;
				LastUpgradeCheck = 2700;
				TargetAttributes = {
					388A26885D44B6ED9DDB56E7 = {
						DevelopmentTeam = YYM4Z6MU8F;
						ProvisioningStyle = Automatic;
					};
					8FE70D42ECD1DC75DAEDBB39 = {
						DevelopmentTeam = YYM4Z6MU8F;
						ProvisioningStyle = Automatic;
					};
					B0DE3ABF8601D3743D3F600F = {
						DevelopmentTeam = YYM4Z6MU8F;
						ProvisioningStyle = Automatic;
					};
				};
			};
			buildConfigurationList = 17B8FD2F8E437ABA3629A35C /* Build configuration list for PBXProject "Wooosh" */;
			developmentRegion = en;
			hasScannedForEncodings = 0;
			knownRegions = (
				Base,
				de,
				en,
				es,
				fr,
				it,
				ja,
				ko,
				nl,
				pl,
				"pt-BR",
				ru,
				sv,
				"zh-Hans",
				"zh-Hant",
			);
			mainGroup = 386BC18E278E65486C99C423;
			minimizedProjectReferenceProxies = 1;
			preferredProjectObjectVersion = 77;
			productRefGroup = F006CAA4588ED7D3F84632F2 /* Products */;
			projectDirPath = "";
			projectRoot = "";
			targets = (
				B0DE3ABF8601D3743D3F600F /* WoooshCoreFFI */,
				8FE70D42ECD1DC75DAEDBB39 /* Wooosh */,
				388A26885D44B6ED9DDB56E7 /* WoooshShareExtension */,
			);
		};
/* End PBXProject section */

/* Begin PBXResourcesBuildPhase section */
		8EEC9B1309153FECFBB730D4 /* Resources */ = {
			isa = PBXResourcesBuildPhase;
			buildActionMask = 2147483647;
			files = (
			);
			runOnlyForDeploymentPostprocessing = 0;
		};
		EEBE4E8D19232942A28F15E7 /* Resources */ = {
			isa = PBXResourcesBuildPhase;
			buildActionMask = 2147483647;
			files = (
			);
			runOnlyForDeploymentPostprocessing = 0;
		};
/* End PBXResourcesBuildPhase section */

/* Begin PBXSourcesBuildPhase section */
		3331D3DA6F0217705A1FE102 /* Sources */ = {
			isa = PBXSourcesBuildPhase;
			buildActionMask = 2147483647;
			files = (
				E6EE9508CEB36C0D5C307E11 /* wooosh_core.swift in Sources */,
			);
			runOnlyForDeploymentPostprocessing = 0;
		};
		7684E5C3F4C52CF3A060ABC4 /* Sources */ = {
			isa = PBXSourcesBuildPhase;
			buildActionMask = 2147483647;
			files = (
			);
			runOnlyForDeploymentPostprocessing = 0;
		};
		7B2E170D4C86FACC1924F61A /* Sources */ = {
			isa = PBXSourcesBuildPhase;
			buildActionMask = 2147483647;
			files = (
			);
			runOnlyForDeploymentPostprocessing = 0;
		};
/* End PBXSourcesBuildPhase section */

/* Begin PBXTargetDependency section */
		2D356C09DC9CDFA96F4F7C7A /* PBXTargetDependency */ = {
			isa = PBXTargetDependency;
			target = B0DE3ABF8601D3743D3F600F /* WoooshCoreFFI */;
			targetProxy = C7098643E19CAA137FE33365 /* PBXContainerItemProxy */;
		};
		CB855AE6CE104BCF5893768C /* PBXTargetDependency */ = {
			isa = PBXTargetDependency;
			target = 388A26885D44B6ED9DDB56E7 /* WoooshShareExtension */;
			targetProxy = 6BB45ABC354C9AA881C58A59 /* PBXContainerItemProxy */;
		};
/* End PBXTargetDependency section */

/* Begin XCBuildConfiguration section */
		04206CD88235D8DB777D8C03 /* Release */ = {
			isa = XCBuildConfiguration;
			buildSettings = {
				ALWAYS_SEARCH_USER_PATHS = NO;
				ASSETCATALOG_COMPILER_GENERATE_SWIFT_ASSET_SYMBOL_EXTENSIONS = YES;
				CLANG_ANALYZER_LOCALIZABILITY_NONLOCALIZED = YES;
				CLANG_ANALYZER_NONNULL = YES;
				CLANG_ANALYZER_NUMBER_OBJECT_CONVERSION = YES_AGGRESSIVE;
				CLANG_CXX_LANGUAGE_STANDARD = "gnu++14";
				CLANG_CXX_LIBRARY = "libc++";
				CLANG_ENABLE_MODULES = YES;
				CLANG_ENABLE_OBJC_ARC = YES;
				CLANG_ENABLE_OBJC_WEAK = YES;
				CLANG_WARN_BLOCK_CAPTURE_AUTORELEASING = YES;
				CLANG_WARN_BOOL_CONVERSION = YES;
				CLANG_WARN_COMMA = YES;
				CLANG_WARN_CONSTANT_CONVERSION = YES;
				CLANG_WARN_DEPRECATED_OBJC_IMPLEMENTATIONS = YES;
				CLANG_WARN_DIRECT_OBJC_ISA_USAGE = YES_ERROR;
				CLANG_WARN_DOCUMENTATION_COMMENTS = YES;
				CLANG_WARN_EMPTY_BODY = YES;
				CLANG_WARN_ENUM_CONVERSION = YES;
				CLANG_WARN_INFINITE_RECURSION = YES;
				CLANG_WARN_INT_CONVERSION = YES;
				CLANG_WARN_NON_LITERAL_NULL_CONVERSION = YES;
				CLANG_WARN_OBJC_IMPLICIT_RETAIN_SELF = YES;
				CLANG_WARN_OBJC_LITERAL_CONVERSION = YES;
				CLANG_WARN_OBJC_ROOT_CLASS = YES_ERROR;
				CLANG_WARN_QUOTED_INCLUDE_IN_FRAMEWORK_HEADER = YES;
				CLANG_WARN_RANGE_LOOP_ANALYSIS = YES;
				CLANG_WARN_STRICT_PROTOTYPES = YES;
				CLANG_WARN_SUSPICIOUS_MOVE = YES;
				CLANG_WARN_UNGUARDED_AVAILABILITY = YES_AGGRESSIVE;
				CLANG_WARN_UNREACHABLE_CODE = YES;
				CLANG_WARN__DUPLICATE_METHOD_MATCH = YES;
				CODE_SIGN_STYLE = Automatic;
				COPY_PHASE_STRIP = NO;
				CURRENT_PROJECT_VERSION = 1;
				DEAD_CODE_STRIPPING = YES;
				DEBUG_INFORMATION_FORMAT = "dwarf-with-dsym";
				DEVELOPMENT_TEAM = YYM4Z6MU8F;
				ENABLE_NS_ASSERTIONS = NO;
				ENABLE_STRICT_OBJC_MSGSEND = YES;
				ENABLE_USER_SCRIPT_SANDBOXING = YES;
				GCC_C_LANGUAGE_STANDARD = gnu11;
				GCC_NO_COMMON_BLOCKS = YES;
				GCC_WARN_64_TO_32_BIT_CONVERSION = YES;
				GCC_WARN_ABOUT_RETURN_TYPE = YES_ERROR;
				GCC_WARN_UNDECLARED_SELECTOR = YES;
				GCC_WARN_UNINITIALIZED_AUTOS = YES_AGGRESSIVE;
				GCC_WARN_UNUSED_FUNCTION = YES;
				GCC_WARN_UNUSED_VARIABLE = YES;
				IPHONEOS_DEPLOYMENT_TARGET = 26.0;
				MACOSX_DEPLOYMENT_TARGET = 26.0;
				MARKETING_VERSION = 1.0;
				MTL_ENABLE_DEBUG_INFO = NO;
				MTL_FAST_MATH = YES;
				PRODUCT_NAME = "$(TARGET_NAME)";
				SDKROOT = auto;
				STRING_CATALOG_GENERATE_SYMBOLS = YES;
				SWIFT_COMPILATION_MODE = wholemodule;
				SWIFT_OPTIMIZATION_LEVEL = "-O";
				SWIFT_VERSION = 5.0;
			};
			name = Release;
		};
		0A2303827B40D1084A658FED /* Release */ = {
			isa = XCBuildConfiguration;
			buildSettings = {
				ASSETCATALOG_COMPILER_APPICON_NAME = AppIcon;
				"CODE_SIGN_ENTITLEMENTS[sdk=iphoneos*]" = "Wooosh/Wooosh-iOS.entitlements";
				"CODE_SIGN_ENTITLEMENTS[sdk=iphonesimulator*]" = "Wooosh/Wooosh-iOS.entitlements";
				"CODE_SIGN_ENTITLEMENTS[sdk=macosx*]" = Wooosh/Wooosh.entitlements;
				CODE_SIGN_IDENTITY = "iPhone Developer";
				DEAD_CODE_STRIPPING = YES;
				ENABLE_HARDENED_RUNTIME = NO;
				GENERATE_INFOPLIST_FILE = YES;
				INFOPLIST_FILE = Wooosh/Info.plist;
				INFOPLIST_KEY_LSSupportsOpeningDocumentsInPlace = YES;
				INFOPLIST_KEY_NSCameraUsageDescription = "Wooosh uses the camera to scan another device's pairing QR code.";
				INFOPLIST_KEY_NSLocalNetworkUsageDescription = "Wooosh uses your local network to find nearby devices so you can send and receive files.";
				INFOPLIST_KEY_NSPhotoLibraryAddUsageDescription = "Wooosh saves received photos and videos to your Photos library.";
				INFOPLIST_KEY_UISupportedInterfaceOrientations = "UIInterfaceOrientationLandscapeLeft UIInterfaceOrientationLandscapeRight UIInterfaceOrientationPortrait UIInterfaceOrientationPortraitUpsideDown";
				LD_RUNPATH_SEARCH_PATHS = (
					"$(inherited)",
					"@executable_path/Frameworks",
					"@executable_path/../Frameworks",
				);
				PRODUCT_BUNDLE_IDENTIFIER = com.tsubuzaki.Wooosh;
				PRODUCT_NAME = Wooosh;
				REGISTER_APP_GROUPS = YES;
				SDKROOT = auto;
				SUPPORTED_PLATFORMS = "iphoneos iphonesimulator macosx";
				SUPPORTS_MACCATALYST = NO;
				SUPPORTS_MAC_DESIGNED_FOR_IPHONE_IPAD = NO;
				SUPPORTS_XR_DESIGNED_FOR_IPHONE_IPAD = YES;
				TARGETED_DEVICE_FAMILY = "1,2";
			};
			name = Release;
		};
		5DA7C08EA4F6F98F60805941 /* Debug */ = {
			isa = XCBuildConfiguration;
			buildSettings = {
				"CODE_SIGN_ENTITLEMENTS[sdk=iphoneos*]" = "ShareExtension/ShareExtension-iOS.entitlements";
				"CODE_SIGN_ENTITLEMENTS[sdk=iphonesimulator*]" = "ShareExtension/ShareExtension-iOS.entitlements";
				"CODE_SIGN_ENTITLEMENTS[sdk=macosx*]" = "ShareExtension/ShareExtension-macOS.entitlements";
				DEAD_CODE_STRIPPING = YES;
				ENABLE_HARDENED_RUNTIME = NO;
				GENERATE_INFOPLIST_FILE = YES;
				INFOPLIST_FILE = ShareExtension/Info.plist;
				LD_RUNPATH_SEARCH_PATHS = (
					"$(inherited)",
					"@executable_path/Frameworks",
					"@executable_path/../../Frameworks",
				);
				PRODUCT_BUNDLE_IDENTIFIER = com.tsubuzaki.Wooosh.ShareExtension;
				PRODUCT_NAME = WoooshShareExtension;
				REGISTER_APP_GROUPS = YES;
				SDKROOT = auto;
				SKIP_INSTALL = YES;
				SUPPORTED_PLATFORMS = "iphoneos iphonesimulator macosx";
				SUPPORTS_MACCATALYST = NO;
				SUPPORTS_MAC_DESIGNED_FOR_IPHONE_IPAD = NO;
				SUPPORTS_XR_DESIGNED_FOR_IPHONE_IPAD = YES;
				TARGETED_DEVICE_FAMILY = "1,2";
			};
			name = Debug;
		};
		767F47B05EED2A095C3F9E53 /* Debug */ = {
			isa = XCBuildConfiguration;
			buildSettings = {
				CODE_SIGN_IDENTITY = "";
				CURRENT_PROJECT_VERSION = 1;
				DEAD_CODE_STRIPPING = YES;
				DEFINES_MODULE = YES;
				DYLIB_COMPATIBILITY_VERSION = 1;
				DYLIB_CURRENT_VERSION = 1;
				DYLIB_INSTALL_NAME_BASE = "@rpath";
				ENABLE_HARDENED_RUNTIME = NO;
				ENABLE_MODULE_VERIFIER = YES;
				FRAMEWORK_SEARCH_PATHS = (
					"$(inherited)",
					"\"../Core/dist\"",
				);
				GENERATE_INFOPLIST_FILE = YES;
				INSTALL_PATH = "$(LOCAL_LIBRARY_DIR)/Frameworks";
				LD_RUNPATH_SEARCH_PATHS = (
					"$(inherited)",
					"@executable_path/Frameworks",
				);
				MODULE_VERIFIER_SUPPORTED_LANGUAGE_STANDARDS = "gnu11 gnu++14";
				OTHER_LDFLAGS = (
					"$(inherited)",
					"-framework",
					SystemConfiguration,
					"-framework",
					Network,
				);
				PRODUCT_BUNDLE_IDENTIFIER = com.tsubuzaki.WoooshCoreFFI;
				PRODUCT_NAME = WoooshCoreFFI;
				SDKROOT = auto;
				SKIP_INSTALL = YES;
				SUPPORTED_PLATFORMS = "iphoneos iphonesimulator macosx";
				SUPPORTS_MACCATALYST = NO;
				SUPPORTS_MAC_DESIGNED_FOR_IPHONE_IPAD = NO;
				SUPPORTS_XR_DESIGNED_FOR_IPHONE_IPAD = YES;
				SWIFT_INSTALL_OBJC_HEADER = NO;
				TARGETED_DEVICE_FAMILY = "1,2";
				VERSIONING_SYSTEM = "apple-generic";
			};
			name = Debug;
		};
		9763E25100E2F563A55FAD00 /* Release */ = {
			isa = XCBuildConfiguration;
			buildSettings = {
				CODE_SIGN_IDENTITY = "";
				CURRENT_PROJECT_VERSION = 1;
				DEAD_CODE_STRIPPING = YES;
				DEFINES_MODULE = YES;
				DYLIB_COMPATIBILITY_VERSION = 1;
				DYLIB_CURRENT_VERSION = 1;
				DYLIB_INSTALL_NAME_BASE = "@rpath";
				ENABLE_HARDENED_RUNTIME = NO;
				ENABLE_MODULE_VERIFIER = YES;
				FRAMEWORK_SEARCH_PATHS = (
					"$(inherited)",
					"\"../Core/dist\"",
				);
				GENERATE_INFOPLIST_FILE = YES;
				INSTALL_PATH = "$(LOCAL_LIBRARY_DIR)/Frameworks";
				LD_RUNPATH_SEARCH_PATHS = (
					"$(inherited)",
					"@executable_path/Frameworks",
				);
				MODULE_VERIFIER_SUPPORTED_LANGUAGE_STANDARDS = "gnu11 gnu++14";
				OTHER_LDFLAGS = (
					"$(inherited)",
					"-framework",
					SystemConfiguration,
					"-framework",
					Network,
				);
				PRODUCT_BUNDLE_IDENTIFIER = com.tsubuzaki.WoooshCoreFFI;
				PRODUCT_NAME = WoooshCoreFFI;
				SDKROOT = auto;
				SKIP_INSTALL = YES;
				SUPPORTED_PLATFORMS = "iphoneos iphonesimulator macosx";
				SUPPORTS_MACCATALYST = NO;
				SUPPORTS_MAC_DESIGNED_FOR_IPHONE_IPAD = NO;
				SUPPORTS_XR_DESIGNED_FOR_IPHONE_IPAD = YES;
				SWIFT_INSTALL_OBJC_HEADER = NO;
				TARGETED_DEVICE_FAMILY = "1,2";
				VERSIONING_SYSTEM = "apple-generic";
			};
			name = Release;
		};
		DD3272057048BE55FE0ABD2E /* Debug */ = {
			isa = XCBuildConfiguration;
			buildSettings = {
				ASSETCATALOG_COMPILER_APPICON_NAME = AppIcon;
				"CODE_SIGN_ENTITLEMENTS[sdk=iphoneos*]" = "Wooosh/Wooosh-iOS.entitlements";
				"CODE_SIGN_ENTITLEMENTS[sdk=iphonesimulator*]" = "Wooosh/Wooosh-iOS.entitlements";
				"CODE_SIGN_ENTITLEMENTS[sdk=macosx*]" = Wooosh/Wooosh.entitlements;
				CODE_SIGN_IDENTITY = "iPhone Developer";
				DEAD_CODE_STRIPPING = YES;
				ENABLE_HARDENED_RUNTIME = NO;
				GENERATE_INFOPLIST_FILE = YES;
				INFOPLIST_FILE = Wooosh/Info.plist;
				INFOPLIST_KEY_LSSupportsOpeningDocumentsInPlace = YES;
				INFOPLIST_KEY_NSCameraUsageDescription = "Wooosh uses the camera to scan another device's pairing QR code.";
				INFOPLIST_KEY_NSLocalNetworkUsageDescription = "Wooosh uses your local network to find nearby devices so you can send and receive files.";
				INFOPLIST_KEY_NSPhotoLibraryAddUsageDescription = "Wooosh saves received photos and videos to your Photos library.";
				INFOPLIST_KEY_UISupportedInterfaceOrientations = "UIInterfaceOrientationLandscapeLeft UIInterfaceOrientationLandscapeRight UIInterfaceOrientationPortrait UIInterfaceOrientationPortraitUpsideDown";
				LD_RUNPATH_SEARCH_PATHS = (
					"$(inherited)",
					"@executable_path/Frameworks",
					"@executable_path/../Frameworks",
				);
				PRODUCT_BUNDLE_IDENTIFIER = com.tsubuzaki.Wooosh;
				PRODUCT_NAME = Wooosh;
				REGISTER_APP_GROUPS = YES;
				SDKROOT = auto;
				SUPPORTED_PLATFORMS = "iphoneos iphonesimulator macosx";
				SUPPORTS_MACCATALYST = NO;
				SUPPORTS_MAC_DESIGNED_FOR_IPHONE_IPAD = NO;
				SUPPORTS_XR_DESIGNED_FOR_IPHONE_IPAD = YES;
				TARGETED_DEVICE_FAMILY = "1,2";
			};
			name = Debug;
		};
		E306D9DBDE6DD0963D9A08A3 /* Debug */ = {
			isa = XCBuildConfiguration;
			buildSettings = {
				ALWAYS_SEARCH_USER_PATHS = NO;
				ASSETCATALOG_COMPILER_GENERATE_SWIFT_ASSET_SYMBOL_EXTENSIONS = YES;
				CLANG_ANALYZER_LOCALIZABILITY_NONLOCALIZED = YES;
				CLANG_ANALYZER_NONNULL = YES;
				CLANG_ANALYZER_NUMBER_OBJECT_CONVERSION = YES_AGGRESSIVE;
				CLANG_CXX_LANGUAGE_STANDARD = "gnu++14";
				CLANG_CXX_LIBRARY = "libc++";
				CLANG_ENABLE_MODULES = YES;
				CLANG_ENABLE_OBJC_ARC = YES;
				CLANG_ENABLE_OBJC_WEAK = YES;
				CLANG_WARN_BLOCK_CAPTURE_AUTORELEASING = YES;
				CLANG_WARN_BOOL_CONVERSION = YES;
				CLANG_WARN_COMMA = YES;
				CLANG_WARN_CONSTANT_CONVERSION = YES;
				CLANG_WARN_DEPRECATED_OBJC_IMPLEMENTATIONS = YES;
				CLANG_WARN_DIRECT_OBJC_ISA_USAGE = YES_ERROR;
				CLANG_WARN_DOCUMENTATION_COMMENTS = YES;
				CLANG_WARN_EMPTY_BODY = YES;
				CLANG_WARN_ENUM_CONVERSION = YES;
				CLANG_WARN_INFINITE_RECURSION = YES;
				CLANG_WARN_INT_CONVERSION = YES;
				CLANG_WARN_NON_LITERAL_NULL_CONVERSION = YES;
				CLANG_WARN_OBJC_IMPLICIT_RETAIN_SELF = YES;
				CLANG_WARN_OBJC_LITERAL_CONVERSION = YES;
				CLANG_WARN_OBJC_ROOT_CLASS = YES_ERROR;
				CLANG_WARN_QUOTED_INCLUDE_IN_FRAMEWORK_HEADER = YES;
				CLANG_WARN_RANGE_LOOP_ANALYSIS = YES;
				CLANG_WARN_STRICT_PROTOTYPES = YES;
				CLANG_WARN_SUSPICIOUS_MOVE = YES;
				CLANG_WARN_UNGUARDED_AVAILABILITY = YES_AGGRESSIVE;
				CLANG_WARN_UNREACHABLE_CODE = YES;
				CLANG_WARN__DUPLICATE_METHOD_MATCH = YES;
				CODE_SIGN_STYLE = Automatic;
				COPY_PHASE_STRIP = NO;
				CURRENT_PROJECT_VERSION = 1;
				DEAD_CODE_STRIPPING = YES;
				DEBUG_INFORMATION_FORMAT = dwarf;
				DEVELOPMENT_TEAM = YYM4Z6MU8F;
				ENABLE_STRICT_OBJC_MSGSEND = YES;
				ENABLE_TESTABILITY = YES;
				ENABLE_USER_SCRIPT_SANDBOXING = YES;
				GCC_C_LANGUAGE_STANDARD = gnu11;
				GCC_DYNAMIC_NO_PIC = NO;
				GCC_NO_COMMON_BLOCKS = YES;
				GCC_OPTIMIZATION_LEVEL = 0;
				GCC_PREPROCESSOR_DEFINITIONS = (
					"$(inherited)",
					"DEBUG=1",
				);
				GCC_WARN_64_TO_32_BIT_CONVERSION = YES;
				GCC_WARN_ABOUT_RETURN_TYPE = YES_ERROR;
				GCC_WARN_UNDECLARED_SELECTOR = YES;
				GCC_WARN_UNINITIALIZED_AUTOS = YES_AGGRESSIVE;
				GCC_WARN_UNUSED_FUNCTION = YES;
				GCC_WARN_UNUSED_VARIABLE = YES;
				IPHONEOS_DEPLOYMENT_TARGET = 26.0;
				MACOSX_DEPLOYMENT_TARGET = 26.0;
				MARKETING_VERSION = 1.0;
				MTL_ENABLE_DEBUG_INFO = INCLUDE_SOURCE;
				MTL_FAST_MATH = YES;
				ONLY_ACTIVE_ARCH = YES;
				PRODUCT_NAME = "$(TARGET_NAME)";
				SDKROOT = auto;
				STRING_CATALOG_GENERATE_SYMBOLS = YES;
				SWIFT_ACTIVE_COMPILATION_CONDITIONS = DEBUG;
				SWIFT_OPTIMIZATION_LEVEL = "-Onone";
				SWIFT_VERSION = 5.0;
			};
			name = Debug;
		};
		FD13775C6B5C01023B54584A /* Release */ = {
			isa = XCBuildConfiguration;
			buildSettings = {
				"CODE_SIGN_ENTITLEMENTS[sdk=iphoneos*]" = "ShareExtension/ShareExtension-iOS.entitlements";
				"CODE_SIGN_ENTITLEMENTS[sdk=iphonesimulator*]" = "ShareExtension/ShareExtension-iOS.entitlements";
				"CODE_SIGN_ENTITLEMENTS[sdk=macosx*]" = "ShareExtension/ShareExtension-macOS.entitlements";
				DEAD_CODE_STRIPPING = YES;
				ENABLE_HARDENED_RUNTIME = NO;
				GENERATE_INFOPLIST_FILE = YES;
				INFOPLIST_FILE = ShareExtension/Info.plist;
				LD_RUNPATH_SEARCH_PATHS = (
					"$(inherited)",
					"@executable_path/Frameworks",
					"@executable_path/../../Frameworks",
				);
				PRODUCT_BUNDLE_IDENTIFIER = com.tsubuzaki.Wooosh.ShareExtension;
				PRODUCT_NAME = WoooshShareExtension;
				REGISTER_APP_GROUPS = YES;
				SDKROOT = auto;
				SKIP_INSTALL = YES;
				SUPPORTED_PLATFORMS = "iphoneos iphonesimulator macosx";
				SUPPORTS_MACCATALYST = NO;
				SUPPORTS_MAC_DESIGNED_FOR_IPHONE_IPAD = NO;
				SUPPORTS_XR_DESIGNED_FOR_IPHONE_IPAD = YES;
				TARGETED_DEVICE_FAMILY = "1,2";
			};
			name = Release;
		};
/* End XCBuildConfiguration section */

/* Begin XCConfigurationList section */
		17B8FD2F8E437ABA3629A35C /* Build configuration list for PBXProject "Wooosh" */ = {
			isa = XCConfigurationList;
			buildConfigurations = (
				E306D9DBDE6DD0963D9A08A3 /* Debug */,
				04206CD88235D8DB777D8C03 /* Release */,
			);
			defaultConfigurationIsVisible = 0;
			defaultConfigurationName = Debug;
		};
		B909080692D6739192FF5A78 /* Build configuration list for PBXNativeTarget "WoooshCoreFFI" */ = {
			isa = XCConfigurationList;
			buildConfigurations = (
				767F47B05EED2A095C3F9E53 /* Debug */,
				9763E25100E2F563A55FAD00 /* Release */,
			);
			defaultConfigurationIsVisible = 0;
			defaultConfigurationName = Debug;
		};
		C2626E9499ED89C3D6C970E3 /* Build configuration list for PBXNativeTarget "Wooosh" */ = {
			isa = XCConfigurationList;
			buildConfigurations = (
				DD3272057048BE55FE0ABD2E /* Debug */,
				0A2303827B40D1084A658FED /* Release */,
			);
			defaultConfigurationIsVisible = 0;
			defaultConfigurationName = Debug;
		};
		D314F8F76B3C8132FC68AB14 /* Build configuration list for PBXNativeTarget "WoooshShareExtension" */ = {
			isa = XCConfigurationList;
			buildConfigurations = (
				5DA7C08EA4F6F98F60805941 /* Debug */,
				FD13775C6B5C01023B54584A /* Release */,
			);
			defaultConfigurationIsVisible = 0;
			defaultConfigurationName = Debug;
		};
/* End XCConfigurationList section */
	};
	rootObject = 4883ED185C89B850D2182BD1 /* Project object */;
}
